# This file was autogenerated by Stack.
# You should not edit this file by hand.
# For more information, please see the documentation at:
#   https://docs.haskellstack.org/en/stable/topics/lock_files

packages: []
snapshots:
- completed:
    sha256: 95cf39064c8ee1fc26d4680ff6443d804354d6969a81cff39f589954c8185b54
    size: 668539
    url: https://raw.githubusercontent.com/commercialhaskell/stackage-snapshots/master/nightly/2025/3/28.yaml
  original: nightly-2025-03-28
